
Microsoft Visual Studio Solution File, Format Version 12.00
# Visual Studio Version 17
VisualStudioVersion = 17.9.34607.119
MinimumVisualStudioVersion = 10.0.40219.1
Project("{FAE04EC0-301F-11D3-BF4B-00C04F79EFBC}") = "OnlineShop.WebApi", "OnlineShop.WebApi\OnlineShop.WebApi.csproj", "{15F3C4B7-117B-4089-877A-9495E7A8474A}"
EndProject
Project("{FAE04EC0-301F-11D3-BF4B-00C04F79EFBC}") = "OnlineShop.Application", "OnlineShop.Application\OnlineShop.Application.csproj", "{BE6A0B5C-B059-4460-B0F3-E7650B612A62}"
EndProject
Project("{FAE04EC0-301F-11D3-BF4B-00C04F79EFBC}") = "OnlineShop.Domain", "OnlineShop.Domain\OnlineShop.Domain.csproj", "{760C141E-40DD-4282-97B3-56C78D017F65}"
EndProject
Project("{FAE04EC0-301F-11D3-BF4B-00C04F79EFBC}") = "OnlineShop.Infrastructure", "OnlineShop.Infrastructure\OnlineShop.Infrastructure.csproj", "{4E365827-820E-4C8F-956E-D49A8AA888E2}"
EndProject
Global
	GlobalSection(SolutionConfigurationPlatforms) = preSolution
		Debug|Any CPU = Debug|Any CPU
		Release|Any CPU = Release|Any CPU
	EndGlobalSection
	GlobalSection(ProjectConfigurationPlatforms) = postSolution
		{15F3C4B7-117B-4089-877A-9495E7A8474A}.Debug|Any CPU.ActiveCfg = Debug|Any CPU
		{15F3C4B7-117B-4089-877A-9495E7A8474A}.Debug|Any CPU.Build.0 = Debug|Any CPU
		{15F3C4B7-117B-4089-877A-9495E7A8474A}.Release|Any CPU.ActiveCfg = Release|Any CPU
		{15F3C4B7-117B-4089-877A-9495E7A8474A}.Release|Any CPU.Build.0 = Release|Any CPU
		{BE6A0B5C-B059-4460-B0F3-E7650B612A62}.Debug|Any CPU.ActiveCfg = Debug|Any CPU
		{BE6A0B5C-B059-4460-B0F3-E7650B612A62}.Debug|Any CPU.Build.0 = Debug|Any CPU
		{BE6A0B5C-B059-4460-B0F3-E7650B612A62}.Release|Any CPU.ActiveCfg = Release|Any CPU
		{BE6A0B5C-B059-4460-B0F3-E7650B612A62}.Release|Any CPU.Build.0 = Release|Any CPU
		{760C141E-40DD-4282-97B3-56C78D017F65}.Debug|Any CPU.ActiveCfg = Debug|Any CPU
		{760C141E-40DD-4282-97B3-56C78D017F65}.Debug|Any CPU.Build.0 = Debug|Any CPU
		{760C141E-40DD-4282-97B3-56C78D017F65}.Release|Any CPU.ActiveCfg = Release|Any CPU
		{760C141E-40DD-4282-97B3-56C78D017F65}.Release|Any CPU.Build.0 = Release|Any CPU
		{4E365827-820E-4C8F-956E-D49A8AA888E2}.Debug|Any CPU.ActiveCfg = Debug|Any CPU
		{4E365827-820E-4C8F-956E-D49A8AA888E2}.Debug|Any CPU.Build.0 = Debug|Any CPU
		{4E365827-820E-4C8F-956E-D49A8AA888E2}.Release|Any CPU.ActiveCfg = Release|Any CPU
		{4E365827-820E-4C8F-956E-D49A8AA888E2}.Release|Any CPU.Build.0 = Release|Any CPU
	EndGlobalSection
	GlobalSection(SolutionProperties) = preSolution
		HideSolutionNode = FALSE
	EndGlobalSection
	GlobalSection(ExtensibilityGlobals) = postSolution
		SolutionGuid = {2B71ADA2-F24C-428D-A0E9-9C229AC18966}
	EndGlobalSection
EndGlobal
